Microsoft Visual Studio Solution File, Format Version 12.00
# Visual Studio Version 17
VisualStudioVersion = 17.5.2.0
MinimumVisualStudioVersion = 10.0.40219.1
Project("{FAE04EC0-301F-11D3-BF4B-00C04F79EFBC}") = "ManagedSecurity.Common", "ManagedSecurity.Common\ManagedSecurity.Common.csproj", "{0347A067-47C7-A956-C165-BDC69BB12FA1}"
EndProject
Project("{FAE04EC0-301F-11D3-BF4B-00C04F79EFBC}") = "ManagedSecurity.Core", "ManagedSecurity.Core\ManagedSecurity.Core.csproj", "{F0CA02FF-E9AD-FF9C-C294-96A2413A1583}"
EndProject
Project("{FAE04EC0-301F-11D3-BF4B-00C04F79EFBC}") = "ManagedSecurity.Test", "ManagedSecurity.Test\ManagedSecurity.Test.csproj", "{F2237069-3C84-0DF0-EE3B-AC6ED7688F0C}"
EndProject
Project("{FAE04EC0-301F-11D3-BF4B-00C04F79EFBC}") = "ManagedSecurity.ConsumerDemo", "ManagedSecurity.ConsumerDemo\ManagedSecurity.ConsumerDemo.csproj", "{F1007D80-CCD2-4373-808A-C9EDFCE450AD}"
EndProject
Project("{FAE04EC0-301F-11D3-BF4B-00C04F79EFBC}") = "ManagedSecurity.Fuzz", "ManagedSecurity.Fuzz\ManagedSecurity.Fuzz.csproj", "{BA27DFA0-E28C-4AF4-A681-22A803FE9C93}"
EndProject
Global
	GlobalSection(SolutionConfigurationPlatforms) = preSolution
		Debug|Any CPU = Debug|Any CPU
		Release|Any CPU = Release|Any CPU
	EndGlobalSection
	GlobalSection(ProjectConfigurationPlatforms) = postSolution
		{0347A067-47C7-A956-C165-BDC69BB12FA1}.Debug|Any CPU.ActiveCfg = Debug|Any CPU
		{0347A067-47C7-A956-C165-BDC69BB12FA1}.Debug|Any CPU.Build.0 = Debug|Any CPU
		{0347A067-47C7-A956-C165-BDC69BB12FA1}.Release|Any CPU.ActiveCfg = Release|Any CPU
		{0347A067-47C7-A956-C165-BDC69BB12FA1}.Release|Any CPU.Build.0 = Release|Any CPU
		{F0CA02FF-E9AD-FF9C-C294-96A2413A1583}.Debug|Any CPU.ActiveCfg = Debug|Any CPU
		{F0CA02FF-E9AD-FF9C-C294-96A2413A1583}.Debug|Any CPU.Build.0 = Debug|Any CPU
		{F0CA02FF-E9AD-FF9C-C294-96A2413A1583}.Release|Any CPU.ActiveCfg = Release|Any CPU
		{F0CA02FF-E9AD-FF9C-C294-96A2413A1583}.Release|Any CPU.Build.0 = Release|Any CPU
		{F2237069-3C84-0DF0-EE3B-AC6ED7688F0C}.Debug|Any CPU.ActiveCfg = Debug|Any CPU
		{F2237069-3C84-0DF0-EE3B-AC6ED7688F0C}.Debug|Any CPU.Build.0 = Debug|Any CPU
		{F2237069-3C84-0DF0-EE3B-AC6ED7688F0C}.Release|Any CPU.ActiveCfg = Release|Any CPU
		{F2237069-3C84-0DF0-EE3B-AC6ED7688F0C}.Release|Any CPU.Build.0 = Release|Any CPU
		{F1007D80-CCD2-4373-808A-C9EDFCE450AD}.Debug|Any CPU.ActiveCfg = Debug|Any CPU
		{F1007D80-CCD2-4373-808A-C9EDFCE450AD}.Debug|Any CPU.Build.0 = Debug|Any CPU
		{F1007D80-CCD2-4373-808A-C9EDFCE450AD}.Release|Any CPU.ActiveCfg = Release|Any CPU
		{F1007D80-CCD2-4373-808A-C9EDFCE450AD}.Release|Any CPU.Build.0 = Release|Any CPU
		{BA27DFA0-E28C-4AF4-A681-22A803FE9C93}.Debug|Any CPU.ActiveCfg = Debug|Any CPU
		{BA27DFA0-E28C-4AF4-A681-22A803FE9C93}.Debug|Any CPU.Build.0 = Debug|Any CPU
		{BA27DFA0-E28C-4AF4-A681-22A803FE9C93}.Release|Any CPU.ActiveCfg = Release|Any CPU
		{BA27DFA0-E28C-4AF4-A681-22A803FE9C93}.Release|Any CPU.Build.0 = Release|Any CPU
	EndGlobalSection
	GlobalSection(SolutionProperties) = preSolution
		HideSolutionNode = FALSE
	EndGlobalSection
	GlobalSection(ExtensibilityGlobals) = postSolution
		SolutionGuid = {053D2BB0-A870-40F9-A6C9-425CE1204966}
	EndGlobalSection
EndGlobal
